
Microsoft Visual Studio Solution File, Format Version 12.00
# Visual Studio 15
VisualStudioVersion = 15.0.27428.2037
MinimumVisualStudioVersion = 10.0.40219.1
Project("{FAE04EC0-301F-11D3-BF4B-00C04F79EFBC}") = "SnagMe", "SnagMe\SnagMe.csproj", "{414507FB-476C-4C52-9D1A-1DE8DB814BFF}"
EndProject
Global
	GlobalSection(SolutionConfigurationPlatforms) = preSolution
		Debug|Any CPU = Debug|Any CPU
		Release|Any CPU = Release|Any CPU
	EndGlobalSection
	GlobalSection(ProjectConfigurationPlatforms) = postSolution
		{414507FB-476C-4C52-9D1A-1DE8DB814BFF}.Debug|Any CPU.ActiveCfg = Debug|Any CPU
		{414507FB-476C-4C52-9D1A-1DE8DB814BFF}.Debug|Any CPU.Build.0 = Debug|Any CPU
		{414507FB-476C-4C52-9D1A-1DE8DB814BFF}.Release|Any CPU.ActiveCfg = Release|Any CPU
		{414507FB-476C-4C52-9D1A-1DE8DB814BFF}.Release|Any CPU.Build.0 = Release|Any CPU
	EndGlobalSection
	GlobalSection(SolutionProperties) = preSolution
		HideSolutionNode = FALSE
	EndGlobalSection
	GlobalSection(ExtensibilityGlobals) = postSolution
		SolutionGuid = {00C3195C-5611-44FE-8892-F6D9B250C275}
	EndGlobalSection
EndGlobal
